{
  "nodes": {
    "nixpkgs": {
      "locked": {
        "lastModified": 1633152178,
        "narHash": "sha256-qAKE0XCb0bm9oZQvtNzxs/SfEbeIOdVt1blhjYRS86o=",
        "owner": "nixos",
        "repo": "nixpkgs",
        "rev": "0f3893d55a06f4a509642b1deb1465560930237f",
        "type": "github"
      },
      "original": {
        "owner": "nixos",
        "repo": "nixpkgs",
        "type": "github"
      }
    },
    "root": {
      "inputs": {
        "nixpkgs": "nixpkgs"
      }
    }
  },
  "root": "root",
  "version": 7
}
